
Microsoft Visual Studio Solution File, Format Version 12.00
# Visual Studio Version 17
VisualStudioVersion = 17.8.34330.188
MinimumVisualStudioVersion = 10.0.40219.1
Project("{9A19103F-16F7-4668-BE54-9A1E7A4F7556}") = "Library.Api", "Library.Api\Library.Api.csproj", "{2515F5E3-F3CF-4090-98D7-92FD189DCFF6}"
EndProject
Project("{2150E333-8FDC-42A3-9474-1A3956D46DE8}") = "Apis", "Apis", "{06F642D3-EDA2-471A-809C-F81F2F0069EB}"
EndProject
Project("{9A19103F-16F7-4668-BE54-9A1E7A4F7556}") = "Identity.Api", "Identity.Api\Identity.Api.csproj", "{651B943A-329E-4089-91BD-8DDB1CD7E3B2}"
EndProject
Project("{9A19103F-16F7-4668-BE54-9A1E7A4F7556}") = "Domain", "Domain\Domain.csproj", "{FE2C2CFC-A49A-4AA2-AC73-7869476E8603}"
EndProject
Project("{9A19103F-16F7-4668-BE54-9A1E7A4F7556}") = "Application", "Application\Application.csproj", "{ECE30AA2-5AB0-4734-88DE-F38105B2E58F}"
EndProject
Project("{9A19103F-16F7-4668-BE54-9A1E7A4F7556}") = "DI", "DI\DI.csproj", "{3E04EDAC-F804-471F-9A28-F11192571830}"
EndProject
Project("{9A19103F-16F7-4668-BE54-9A1E7A4F7556}") = "Infrastructure", "Infrastructure\Infrastructure.csproj", "{80527C3C-E02B-4460-A645-7EA276B101F6}"
EndProject
Project("{2150E333-8FDC-42A3-9474-1A3956D46DE8}") = "src", "src", "{B3F1045F-8C51-4F4F-8F7A-C825E0CB18DB}"
EndProject
Project("{9A19103F-16F7-4668-BE54-9A1E7A4F7556}") = "Shared", "Shared\Shared.csproj", "{7CB869EE-8F02-4143-82F9-BEE346136CBA}"
EndProject
Project("{2150E333-8FDC-42A3-9474-1A3956D46DE8}") = "WebApps", "WebApps", "{4958E1C4-F534-4863-B1E4-A3164E9C765B}"
EndProject
Project("{FAE04EC0-301F-11D3-BF4B-00C04F79EFBC}") = "Library.App", "Library.App\Library.App.csproj", "{0DF0692D-0F5B-457B-BDE1-D99E214A34B6}"
EndProject
Global
	GlobalSection(SolutionConfigurationPlatforms) = preSolution
		Debug|Any CPU = Debug|Any CPU
		Release|Any CPU = Release|Any CPU
	EndGlobalSection
	GlobalSection(ProjectConfigurationPlatforms) = postSolution
		{2515F5E3-F3CF-4090-98D7-92FD189DCFF6}.Debug|Any CPU.ActiveCfg = Debug|Any CPU
		{2515F5E3-F3CF-4090-98D7-92FD189DCFF6}.Debug|Any CPU.Build.0 = Debug|Any CPU
		{2515F5E3-F3CF-4090-98D7-92FD189DCFF6}.Release|Any CPU.ActiveCfg = Release|Any CPU
		{2515F5E3-F3CF-4090-98D7-92FD189DCFF6}.Release|Any CPU.Build.0 = Release|Any CPU
		{651B943A-329E-4089-91BD-8DDB1CD7E3B2}.Debug|Any CPU.ActiveCfg = Debug|Any CPU
		{651B943A-329E-4089-91BD-8DDB1CD7E3B2}.Debug|Any CPU.Build.0 = Debug|Any CPU
		{651B943A-329E-4089-91BD-8DDB1CD7E3B2}.Release|Any CPU.ActiveCfg = Release|Any CPU
		{651B943A-329E-4089-91BD-8DDB1CD7E3B2}.Release|Any CPU.Build.0 = Release|Any CPU
		{FE2C2CFC-A49A-4AA2-AC73-7869476E8603}.Debug|Any CPU.ActiveCfg = Debug|Any CPU
		{FE2C2CFC-A49A-4AA2-AC73-7869476E8603}.Debug|Any CPU.Build.0 = Debug|Any CPU
		{FE2C2CFC-A49A-4AA2-AC73-7869476E8603}.Release|Any CPU.ActiveCfg = Release|Any CPU
		{FE2C2CFC-A49A-4AA2-AC73-7869476E8603}.Release|Any CPU.Build.0 = Release|Any CPU
		{ECE30AA2-5AB0-4734-88DE-F38105B2E58F}.Debug|Any CPU.ActiveCfg = Debug|Any CPU
		{ECE30AA2-5AB0-4734-88DE-F38105B2E58F}.Debug|Any CPU.Build.0 = Debug|Any CPU
		{ECE30AA2-5AB0-4734-88DE-F38105B2E58F}.Release|Any CPU.ActiveCfg = Release|Any CPU
		{ECE30AA2-5AB0-4734-88DE-F38105B2E58F}.Release|Any CPU.Build.0 = Release|Any CPU
		{3E04EDAC-F804-471F-9A28-F11192571830}.Debug|Any CPU.ActiveCfg = Debug|Any CPU
		{3E04EDAC-F804-471F-9A28-F11192571830}.Debug|Any CPU.Build.0 = Debug|Any CPU
		{3E04EDAC-F804-471F-9A28-F11192571830}.Release|Any CPU.ActiveCfg = Release|Any CPU
		{3E04EDAC-F804-471F-9A28-F11192571830}.Release|Any CPU.Build.0 = Release|Any CPU
		{80527C3C-E02B-4460-A645-7EA276B101F6}.Debug|Any CPU.ActiveCfg = Debug|Any CPU
		{80527C3C-E02B-4460-A645-7EA276B101F6}.Debug|Any CPU.Build.0 = Debug|Any CPU
		{80527C3C-E02B-4460-A645-7EA276B101F6}.Release|Any CPU.ActiveCfg = Release|Any CPU
		{80527C3C-E02B-4460-A645-7EA276B101F6}.Release|Any CPU.Build.0 = Release|Any CPU
		{7CB869EE-8F02-4143-82F9-BEE346136CBA}.Debug|Any CPU.ActiveCfg = Debug|Any CPU
		{7CB869EE-8F02-4143-82F9-BEE346136CBA}.Debug|Any CPU.Build.0 = Debug|Any CPU
		{7CB869EE-8F02-4143-82F9-BEE346136CBA}.Release|Any CPU.ActiveCfg = Release|Any CPU
		{7CB869EE-8F02-4143-82F9-BEE346136CBA}.Release|Any CPU.Build.0 = Release|Any CPU
		{0DF0692D-0F5B-457B-BDE1-D99E214A34B6}.Debug|Any CPU.ActiveCfg = Debug|Any CPU
		{0DF0692D-0F5B-457B-BDE1-D99E214A34B6}.Debug|Any CPU.Build.0 = Debug|Any CPU
		{0DF0692D-0F5B-457B-BDE1-D99E214A34B6}.Release|Any CPU.ActiveCfg = Release|Any CPU
		{0DF0692D-0F5B-457B-BDE1-D99E214A34B6}.Release|Any CPU.Build.0 = Release|Any CPU
	EndGlobalSection
	GlobalSection(SolutionProperties) = preSolution
		HideSolutionNode = FALSE
	EndGlobalSection
	GlobalSection(NestedProjects) = preSolution
		{2515F5E3-F3CF-4090-98D7-92FD189DCFF6} = {06F642D3-EDA2-471A-809C-F81F2F0069EB}
		{06F642D3-EDA2-471A-809C-F81F2F0069EB} = {B3F1045F-8C51-4F4F-8F7A-C825E0CB18DB}
		{651B943A-329E-4089-91BD-8DDB1CD7E3B2} = {06F642D3-EDA2-471A-809C-F81F2F0069EB}
		{FE2C2CFC-A49A-4AA2-AC73-7869476E8603} = {B3F1045F-8C51-4F4F-8F7A-C825E0CB18DB}
		{ECE30AA2-5AB0-4734-88DE-F38105B2E58F} = {B3F1045F-8C51-4F4F-8F7A-C825E0CB18DB}
		{3E04EDAC-F804-471F-9A28-F11192571830} = {B3F1045F-8C51-4F4F-8F7A-C825E0CB18DB}
		{80527C3C-E02B-4460-A645-7EA276B101F6} = {B3F1045F-8C51-4F4F-8F7A-C825E0CB18DB}
		{7CB869EE-8F02-4143-82F9-BEE346136CBA} = {B3F1045F-8C51-4F4F-8F7A-C825E0CB18DB}
		{4958E1C4-F534-4863-B1E4-A3164E9C765B} = {B3F1045F-8C51-4F4F-8F7A-C825E0CB18DB}
		{0DF0692D-0F5B-457B-BDE1-D99E214A34B6} = {4958E1C4-F534-4863-B1E4-A3164E9C765B}
	EndGlobalSection
	GlobalSection(ExtensibilityGlobals) = postSolution
		SolutionGuid = {7EFADA86-CBE7-45CA-A239-7971A7BA24F2}
	EndGlobalSection
EndGlobal
